// !$*UTF8*$!
{
	archiveVersion = 1;
	classes = {
	};
	objectVersion = 50;
	objects = {

/* Begin PBXBuildFile section */
		30377D1C225714AA00319282 /* AppDelegate.swift in Sources */ = {isa = PBXBuildFile; fileRef = 30377D1B225714AA00319282 /* AppDelegate.swift */; };
		30377D1E225714AA00319282 /* ViewController.swift in Sources */ = {isa = PBXBuildFile; fileRef = 30377D1D225714AA00319282 /* ViewController.swift */; };
		30377D21225714AA00319282 /* Main.storyboard in Resources */ = {isa = PBXBuildFile; fileRef = 30377D1F225714AA00319282 /* Main.storyboard */; };
		30377D23225714AC00319282 /* Assets.xcassets in Resources */ = {isa = PBXBuildFile; fileRef = 30377D22225714AC00319282 /* Assets.xcassets */; };
		30377D26225714AC00319282 /* LaunchScreen.storyboard in Resources */ = {isa = PBXBuildFile; fileRef = 30377D24225714AC00319282 /* LaunchScreen.storyboard */; };
		30377D2E2257334100319282 /* ChatViewController.swift in Sources */ = {isa = PBXBuildFile; fileRef = 30377D2D2257334100319282 /* ChatViewController.swift */; };
		30658997225733B500459A7A /* Messages.swift in Sources */ = {isa = PBXBuildFile; fileRef = 30658996225733B500459A7A /* Messages.swift */; };
		3065899F225765D900459A7A /* ResponsesViewController.swift in Sources */ = {isa = PBXBuildFile; fileRef = 3065899E225765D900459A7A /* ResponsesViewController.swift */; };
		A4A582AA5DAD3098B8FF5E91 /* Pods_Automated_Psych.framework in Frameworks */ = {isa = PBXBuildFile; fileRef = 8487207138E7E60869A38353 /* Pods_Automated_Psych.framework */; };
/* End PBXBuildFile section */

/* Begin PBXFileReference section */
		0E00FFF3CA7AEC7F51097A7D /* Pods-Automated-Psych.release.xcconfig */ = {isa = PBXFileReference; includeInIndex = 1; lastKnownFileType = text.xcconfig; name = "Pods-Automated-Psych.release.xcconfig"; path = "Pods/Target Support Files/Pods-Automated-Psych/Pods-Automated-Psych.release.xcconfig"; sourceTree = "<group>"; };
		30377D18225714AA00319282 /* Automated-Psych.app */ = {isa = PBXFileReference; explicitFileType = wrapper.application; includeInIndex = 0; path = "Automated-Psych.app"; sourceTree = BUILT_PRODUCTS_DIR; };
		30377D1B225714AA00319282 /* AppDelegate.swift */ = {isa = PBXFileReference; lastKnownFileType = sourcecode.swift; path = AppDelegate.swift; sourceTree = "<group>"; };
		30377D1D225714AA00319282 /* ViewController.swift */ = {isa = PBXFileReference; lastKnownFileType = sourcecode.swift; path = ViewController.swift; sourceTree = "<group>"; };
		30377D20225714AA00319282 /* Base */ = {isa = PBXFileReference; lastKnownFileType = file.storyboard; name = Base; path = Base.lproj/Main.storyboard; sourceTree = "<group>"; };
		30377D22225714AC00319282 /* Assets.xcassets */ = {isa = PBXFileReference; lastKnownFileType = folder.assetcatalog; path = Assets.xcassets; sourceTree = "<group>"; };
		30377D25225714AC00319282 /* Base */ = {isa = PBXFileReference; lastKnownFileType = file.storyboard; name = Base; path = Base.lproj/LaunchScreen.storyboard; sourceTree = "<group>"; };
		30377D27225714AC00319282 /* Info.plist */ = {isa = PBXFileReference; lastKnownFileType = text.plist.xml; path = Info.plist; sourceTree = "<group>"; };
		30377D2D2257334100319282 /* ChatViewController.swift */ = {isa = PBXFileReference; lastKnownFileType = sourcecode.swift; path = ChatViewController.swift; sourceTree = "<group>"; };
		30658996225733B500459A7A /* Messages.swift */ = {isa = PBXFileReference; lastKnownFileType = sourcecode.swift; path = Messages.swift; sourceTree = "<group>"; };
		3065899E225765D900459A7A /* ResponsesViewController.swift */ = {isa = PBXFileReference; fileEncoding = 4; lastKnownFileType = sourcecode.swift; path = ResponsesViewController.swift; sourceTree = "<group>"; };
		8487207138E7E60869A38353 /* Pods_Automated_Psych.framework */ = {isa = PBXFileReference; explicitFileType = wrapper.framework; includeInIndex = 0; path = Pods_Automated_Psych.framework; sourceTree = BUILT_PRODUCTS_DIR; };
		D971113216124D369C71E451 /* Pods-Automated-Psych.debug.xcconfig */ = {isa = PBXFileReference; includeInIndex = 1; lastKnownFileType = text.xcconfig; name = "Pods-Automated-Psych.debug.xcconfig"; path = "Pods/Target Support Files/Pods-Automated-Psych/Pods-Automated-Psych.debug.xcconfig"; sourceTree = "<group>"; };
/* End PBXFileReference section */

/* Begin PBXFrameworksBuildPhase section */
		30377D15225714AA00319282 /* Frameworks */ = {
			isa = PBXFrameworksBuildPhase;
			buildActionMask = 2147483647;
			files = (
				A4A582AA5DAD3098B8FF5E91 /* Pods_Automated_Psych.framework in Frameworks */,
			);
			runOnlyForDeploymentPostprocessing = 0;
		};
/* End PBXFrameworksBuildPhase section */

/* Begin PBXGroup section */
		28F37FEE7F09E3FEC9411A18 /* Pods */ = {
			isa = PBXGroup;
			children = (
				D971113216124D369C71E451 /* Pods-Automated-Psych.debug.xcconfig */,
				0E00FFF3CA7AEC7F51097A7D /* Pods-Automated-Psych.release.xcconfig */,
			);
			name = Pods;
			sourceTree = "<group>";
		};
		30377D0F225714AA00319282 = {
			isa = PBXGroup;
			children = (
				30377D1A225714AA00319282 /* Automated-Psych */,
				30377D19225714AA00319282 /* Products */,
				28F37FEE7F09E3FEC9411A18 /* Pods */,
				812A10E65370D6A212582700 /* Frameworks */,
			);
			sourceTree = "<group>";
		};
		30377D19225714AA00319282 /* Products */ = {
			isa = PBXGroup;
			children = (
				30377D18225714AA00319282 /* Automated-Psych.app */,
			);
			name = Products;
			sourceTree = "<group>";
		};
		30377D1A225714AA00319282 /* Automated-Psych */ = {
			isa = PBXGroup;
			children = (
				30377D1B225714AA00319282 /* AppDelegate.swift */,
				30377D1D225714AA00319282 /* ViewController.swift */,
				30377D2D2257334100319282 /* ChatViewController.swift */,
				3065899E225765D900459A7A /* ResponsesViewController.swift */,
				30658996225733B500459A7A /* Messages.swift */,
				30377D1F225714AA00319282 /* Main.storyboard */,
				30377D22225714AC00319282 /* Assets.xcassets */,
				30377D24225714AC00319282 /* LaunchScreen.storyboard */,
				30377D27225714AC00319282 /* Info.plist */,
			);
			path = "Automated-Psych";
			sourceTree = "<group>";
		};
		812A10E65370D6A212582700 /* Frameworks */ = {
			isa = PBXGroup;
			children = (
				8487207138E7E60869A38353 /* Pods_Automated_Psych.framework */,
			);
			name = Frameworks;
			sourceTree = "<group>";
		};
/* End PBXGroup section */

/* Begin PBXNativeTarget section */
		30377D17225714AA00319282 /* Automated-Psych */ = {
			isa = PBXNativeTarget;
			buildConfigurationList = 30377D2A225714AC00319282 /* Build configuration list for PBXNativeTarget "Automated-Psych" */;
			buildPhases = (
				572023A26B85D42BD155ADAE /* [CP] Check Pods Manifest.lock */,
				30377D14225714AA00319282 /* Sources */,
				30377D15225714AA00319282 /* Frameworks */,
				30377D16225714AA00319282 /* Resources */,
				36B33290458A5F7E64AE2069 /* [CP] Embed Pods Frameworks */,
			);
			buildRules = (
			);
			dependencies = (
			);
			name = "Automated-Psych";
			productName = "Automated-Psych";
			productReference = 30377D18225714AA00319282 /* Automated-Psych.app */;
			productType = "com.apple.product-type.application";
		};
/* End PBXNativeTarget section */

/* Begin PBXProject section */
		30377D10225714AA00319282 /* Project object */ = {
			isa = PBXProject;
			attributes = {
				LastSwiftUpdateCheck = 1010;
				LastUpgradeCheck = 1010;
				ORGANIZATIONNAME = Aritropaul;
				TargetAttributes = {
					30377D17225714AA00319282 = {
						CreatedOnToolsVersion = 10.1;
					};
				};
			};
			buildConfigurationList = 30377D13225714AA00319282 /* Build configuration list for PBXProject "Automated-Psych" */;
			compatibilityVersion = "Xcode 9.3";
			developmentRegion = en;
			hasScannedForEncodings = 0;
			knownRegions = (
				en,
				Base,
			);
			mainGroup = 30377D0F225714AA00319282;
			productRefGroup = 30377D19225714AA00319282 /* Products */;
			projectDirPath = "";
			projectRoot = "";
			targets = (
				30377D17225714AA00319282 /* Automated-Psych */,
			);
		};
/* End PBXProject section */

/* Begin PBXResourcesBuildPhase section */
		30377D16225714AA00319282 /* Resources */ = {
			isa = PBXResourcesBuildPhase;
			buildActionMask = 2147483647;
			files = (
				30377D26225714AC00319282 /* LaunchScreen.storyboard in Resources */,
				30377D23225714AC00319282 /* Assets.xcassets in Resources */,
				30377D21225714AA00319282 /* Main.storyboard in Resources */,
			);
			runOnlyForDeploymentPostprocessing = 0;
		};
/* End PBXResourcesBuildPhase section */

/* Begin PBXShellScriptBuildPhase section */
		36B33290458A5F7E64AE2069 /* [CP] Embed Pods Frameworks */ = {
			isa = PBXShellScriptBuildPhase;
			buildActionMask = 2147483647;
			files = (
			);
			inputPaths = (
				"${SRCROOT}/Pods/Target Support Files/Pods-Automated-Psych/Pods-Automated-Psych-frameworks.sh",
				"${BUILT_PRODUCTS_DIR}/IQKeyboardManagerSwift/IQKeyboardManagerSwift.framework",
				"${BUILT_PRODUCTS_DIR}/MessageInputBar/MessageInputBar.framework",
				"${BUILT_PRODUCTS_DIR}/MessageKit/MessageKit.framework",
			);
			name = "[CP] Embed Pods Frameworks";
			outputPaths = (
				"${TARGET_BUILD_DIR}/${FRAMEWORKS_FOLDER_PATH}/IQKeyboardManagerSwift.framework",
				"${TARGET_BUILD_DIR}/${FRAMEWORKS_FOLDER_PATH}/MessageInputBar.framework",
				"${TARGET_BUILD_DIR}/${FRAMEWORKS_FOLDER_PATH}/MessageKit.framework",
			);
			runOnlyForDeploymentPostprocessing = 0;
			shellPath = /bin/sh;
			shellScript = "\"${SRCROOT}/Pods/Target Support Files/Pods-Automated-Psych/Pods-Automated-Psych-frameworks.sh\"\n";
			showEnvVarsInLog = 0;
		};
		572023A26B85D42BD155ADAE /* [CP] Check Pods Manifest.lock */ = {
			isa = PBXShellScriptBuildPhase;
			buildActionMask = 2147483647;
			files = (
			);
			inputPaths = (
				"${PODS_PODFILE_DIR_PATH}/Podfile.lock",
				"${PODS_ROOT}/Manifest.lock",
			);
			name = "[CP] Check Pods Manifest.lock";
			outputPaths = (
				"$(DERIVED_FILE_DIR)/Pods-Automated-Psych-checkManifestLockResult.txt",
			);
			runOnlyForDeploymentPostprocessing = 0;
			shellPath = /bin/sh;
			shellScript = "diff \"${PODS_PODFILE_DIR_PATH}/Podfile.lock\" \"${PODS_ROOT}/Manifest.lock\" > /dev/null\nif [ $? != 0 ] ; then\n    # print error to STDERR\n    echo \"error: The sandbox is not in sync with the Podfile.lock. Run 'pod install' or update your CocoaPods installation.\" >&2\n    exit 1\nfi\n# This output is used by Xcode 'outputs' to avoid re-running this script phase.\necho \"SUCCESS\" > \"${SCRIPT_OUTPUT_FILE_0}\"\n";
			showEnvVarsInLog = 0;
		};
/* End PBXShellScriptBuildPhase section */

/* Begin PBXSourcesBuildPhase section */
		30377D14225714AA00319282 /* Sources */ = {
			isa = PBXSourcesBuildPhase;
			buildActionMask = 2147483647;
			files = (
				30377D1E225714AA00319282 /* ViewController.swift in Sources */,
				30658997225733B500459A7A /* Messages.swift in Sources */,
				30377D2E2257334100319282 /* ChatViewController.swift in Sources */,
				3065899F225765D900459A7A /* ResponsesViewController.swift in Sources */,
				30377D1C225714AA00319282 /* AppDelegate.swift in Sources */,
			);
			runOnlyForDeploymentPostprocessing = 0;
		};
/* End PBXSourcesBuildPhase section */

/* Begin PBXVariantGroup section */
		30377D1F225714AA00319282 /* Main.storyboard */ = {
			isa = PBXVariantGroup;
			children = (
				30377D20225714AA00319282 /* Base */,
			);
			name = Main.storyboard;
			sourceTree = "<group>";
		};
		30377D24225714AC00319282 /* LaunchScreen.storyboard */ = {
			isa = PBXVariantGroup;
			children = (
				30377D25225714AC00319282 /* Base */,
			);
			name = LaunchScreen.storyboard;
			sourceTree = "<group>";
		};
/* End PBXVariantGroup section */

/* Begin XCBuildConfiguration section */
		30377D28225714AC00319282 /* Debug */ = {
			isa = XCBuildConfiguration;
			buildSettings = {
				ALWAYS_SEARCH_USER_PATHS = NO;
				CLANG_ANALYZER_NONNULL = YES;
				CLANG_ANALYZER_NUMBER_OBJECT_CONVERSION = YES_AGGRESSIVE;
				CLANG_CXX_LANGUAGE_STANDARD = "gnu++14";
				CLANG_CXX_LIBRARY = "libc++";
				CLANG_ENABLE_MODULES = YES;
				CLANG_ENABLE_OBJC_ARC = YES;
				CLANG_ENABLE_OBJC_WEAK = YES;
				CLANG_WARN_BLOCK_CAPTURE_AUTORELEASING = YES;
				CLANG_WARN_BOOL_CONVERSION = YES;
				CLANG_WARN_COMMA = YES;
				CLANG_WARN_CONSTANT_CONVERSION = YES;
				CLANG_WARN_DEPRECATED_OBJC_IMPLEMENTATIONS = YES;
				CLANG_WARN_DIRECT_OBJC_ISA_USAGE = YES_ERROR;
				CLANG_WARN_DOCUMENTATION_COMMENTS = YES;
				CLANG_WARN_EMPTY_BODY = YES;
				CLANG_WARN_ENUM_CONVERSION = YES;
				CLANG_WARN_INFINITE_RECURSION = YES;
				CLANG_WARN_INT_CONVERSION = YES;
				CLANG_WARN_NON_LITERAL_NULL_CONVERSION = YES;
				CLANG_WARN_OBJC_IMPLICIT_RETAIN_SELF = YES;
				CLANG_WARN_OBJC_LITERAL_CONVERSION = YES;
				CLANG_WARN_OBJC_ROOT_CLASS = YES_ERROR;
				CLANG_WARN_RANGE_LOOP_ANALYSIS = YES;
				CLANG_WARN_STRICT_PROTOTYPES = YES;
				CLANG_WARN_SUSPICIOUS_MOVE = YES;
				CLANG_WARN_UNGUARDED_AVAILABILITY = YES_AGGRESSIVE;
				CLANG_WARN_UNREACHABLE_CODE = YES;
				CLANG_WARN__DUPLICATE_METHOD_MATCH = YES;
				CODE_SIGN_IDENTITY = "iPhone Developer";
				COPY_PHASE_STRIP = NO;
				DEBUG_INFORMATION_FORMAT = dwarf;
				ENABLE_STRICT_OBJC_MSGSEND = YES;
				ENABLE_TESTABILITY = YES;
				GCC_C_LANGUAGE_STANDARD = gnu11;
				GCC_DYNAMIC_NO_PIC = NO;
				GCC_NO_COMMON_BLOCKS = YES;
				GCC_OPTIMIZATION_LEVEL = 0;
				GCC_PREPROCESSOR_DEFINITIONS = (
					"DEBUG=1",
					"$(inherited)",
				);
				GCC_WARN_64_TO_32_BIT_CONVERSION = YES;
				GCC_WARN_ABOUT_RETURN_TYPE = YES_ERROR;
				GCC_WARN_UNDECLARED_SELECTOR = YES;
				GCC_WARN_UNINITIALIZED_AUTOS = YES_AGGRESSIVE;
				GCC_WARN_UNUSED_FUNCTION = YES;
				GCC_WARN_UNUSED_VARIABLE = YES;
				IPHONEOS_DEPLOYMENT_TARGET = 12.1;
				MTL_ENABLE_DEBUG_INFO = INCLUDE_SOURCE;
				MTL_FAST_MATH = YES;
				ONLY_ACTIVE_ARCH = YES;
				SDKROOT = iphoneos;
				SWIFT_ACTIVE_COMPILATION_CONDITIONS = DEBUG;
				SWIFT_OPTIMIZATION_LEVEL = "-Onone";
			};
			name = Debug;
		};
		30377D29225714AC00319282 /* Release */ = {
			isa = XCBuildConfiguration;
			buildSettings = {
				ALWAYS_SEARCH_USER_PATHS = NO;
				CLANG_ANALYZER_NONNULL = YES;
				CLANG_ANALYZER_NUMBER_OBJECT_CONVERSION = YES_AGGRESSIVE;
				CLANG_CXX_LANGUAGE_STANDARD = "gnu++14";
				CLANG_CXX_LIBRARY = "libc++";
				CLANG_ENABLE_MODULES = YES;
				CLANG_ENABLE_OBJC_ARC = YES;
				CLANG_ENABLE_OBJC_WEAK = YES;
				CLANG_WARN_BLOCK_CAPTURE_AUTORELEASING = YES;
				CLANG_WARN_BOOL_CONVERSION = YES;
				CLANG_WARN_COMMA = YES;
				CLANG_WARN_CONSTANT_CONVERSION = YES;
				CLANG_WARN_DEPRECATED_OBJC_IMPLEMENTATIONS = YES;
				CLANG_WARN_DIRECT_OBJC_ISA_USAGE = YES_ERROR;
				CLANG_WARN_DOCUMENTATION_COMMENTS = YES;
				CLANG_WARN_EMPTY_BODY = YES;
				CLANG_WARN_ENUM_CONVERSION = YES;
				CLANG_WARN_INFINITE_RECURSION = YES;
				CLANG_WARN_INT_CONVERSION = YES;
				CLANG_WARN_NON_LITERAL_NULL_CONVERSION = YES;
				CLANG_WARN_OBJC_IMPLICIT_RETAIN_SELF = YES;
				CLANG_WARN_OBJC_LITERAL_CONVERSION = YES;
				CLANG_WARN_OBJC_ROOT_CLASS = YES_ERROR;
				CLANG_WARN_RANGE_LOOP_ANALYSIS = YES;
				CLANG_WARN_STRICT_PROTOTYPES = YES;
				CLANG_WARN_SUSPICIOUS_MOVE = YES;
				CLANG_WARN_UNGUARDED_AVAILABILITY = YES_AGGRESSIVE;
				CLANG_WARN_UNREACHABLE_CODE = YES;
				CLANG_WARN__DUPLICATE_METHOD_MATCH = YES;
				CODE_SIGN_IDENTITY = "iPhone Developer";
				COPY_PHASE_STRIP = NO;
				DEBUG_INFORMATION_FORMAT = "dwarf-with-dsym";
				ENABLE_NS_ASSERTIONS = NO;
				ENABLE_STRICT_OBJC_MSGSEND = YES;
				GCC_C_LANGUAGE_STANDARD = gnu11;
				GCC_NO_COMMON_BLOCKS = YES;
				GCC_WARN_64_TO_32_BIT_CONVERSION = YES;
				GCC_WARN_ABOUT_RETURN_TYPE = YES_ERROR;
				GCC_WARN_UNDECLARED_SELECTOR = YES;
				GCC_WARN_UNINITIALIZED_AUTOS = YES_AGGRESSIVE;
				GCC_WARN_UNUSED_FUNCTION = YES;
				GCC_WARN_UNUSED_VARIABLE = YES;
				IPHONEOS_DEPLOYMENT_TARGET = 12.1;
				MTL_ENABLE_DEBUG_INFO = NO;
				MTL_FAST_MATH = YES;
				SDKROOT = iphoneos;
				SWIFT_COMPILATION_MODE = wholemodule;
				SWIFT_OPTIMIZATION_LEVEL = "-O";
				VALIDATE_PRODUCT = YES;
			};
			name = Release;
		};
		30377D2B225714AC00319282 /* Debug */ = {
			isa = XCBuildConfiguration;
			baseConfigurationReference = D971113216124D369C71E451 /* Pods-Automated-Psych.debug.xcconfig */;
			buildSettings = {
				ASSETCATALOG_COMPILER_APPICON_NAME = AppIcon;
				CODE_SIGN_STYLE = Automatic;
				DEVELOPMENT_TEAM = 2J3WW2KWBU;
				INFOPLIST_FILE = "Automated-Psych/Info.plist";
				LD_RUNPATH_SEARCH_PATHS = "$(inherited) @executable_path/Frameworks";
				PRODUCT_BUNDLE_IDENTIFIER = "me.aritro.Automated-Psych";
				PRODUCT_NAME = "$(TARGET_NAME)";
				SWIFT_VERSION = 4.2;
				TARGETED_DEVICE_FAMILY = "1,2";
			};
			name = Debug;
		};
		30377D2C225714AC00319282 /* Release */ = {
			isa = XCBuildConfiguration;
			baseConfigurationReference = 0E00FFF3CA7AEC7F51097A7D /* Pods-Automated-Psych.release.xcconfig */;
			buildSettings = {
				ASSETCATALOG_COMPILER_APPICON_NAME = AppIcon;
				CODE_SIGN_STYLE = Automatic;
				DEVELOPMENT_TEAM = 2J3WW2KWBU;
				INFOPLIST_FILE = "Automated-Psych/Info.plist";
				LD_RUNPATH_SEARCH_PATHS = "$(inherited) @executable_path/Frameworks";
				PRODUCT_BUNDLE_IDENTIFIER = "me.aritro.Automated-Psych";
				PRODUCT_NAME = "$(TARGET_NAME)";
				SWIFT_VERSION = 4.2;
				TARGETED_DEVICE_FAMILY = "1,2";
			};
			name = Release;
		};
/* End XCBuildConfiguration section */

/* Begin XCConfigurationList section */
		30377D13225714AA00319282 /* Build configuration list for PBXProject "Automated-Psych" */ = {
			isa = XCConfigurationList;
			buildConfigurations = (
				30377D28225714AC00319282 /* Debug */,
				30377D29225714AC00319282 /* Release */,
			);
			defaultConfigurationIsVisible = 0;
			defaultConfigurationName = Release;
		};
		30377D2A225714AC00319282 /* Build configuration list for PBXNativeTarget "Automated-Psych" */ = {
			isa = XCConfigurationList;
			buildConfigurations = (
				30377D2B225714AC00319282 /* Debug */,
				30377D2C225714AC00319282 /* Release */,
			);
			defaultConfigurationIsVisible = 0;
			defaultConfigurationName = Release;
		};
/* End XCConfigurationList section */
	};
	rootObject = 30377D10225714AA00319282 /* Project object */;
}
